
Microsoft Visual Studio Solution File, Format Version 12.00
# Visual Studio Version 16
VisualStudioVersion = 16.0.29123.88
MinimumVisualStudioVersion = 10.0.40219.1
Project("{FAE04EC0-301F-11D3-BF4B-00C04F79EFBC}") = "GameServer", "GameServer\GameServer.csproj", "{160F3B7D-D22D-4BC9-BBCD-B21DD5B07BB6}"
EndProject
Project("{FAE04EC0-301F-11D3-BF4B-00C04F79EFBC}") = "NetWork", "NetWork\NetWork.csproj", "{F669AC3F-9E89-4FDB-AEF9-DCD06EFE5837}"
EndProject
Project("{FAE04EC0-301F-11D3-BF4B-00C04F79EFBC}") = "GameClient", "GameClient\GameClient.csproj", "{E9A422BE-5686-487C-95F7-08900595F20F}"
EndProject
Project("{FAE04EC0-301F-11D3-BF4B-00C04F79EFBC}") = "Snake", "Snake\Snake.csproj", "{05417878-4109-488D-8EDF-B33D6AA3699D}"
EndProject
Global
	GlobalSection(SolutionConfigurationPlatforms) = preSolution
		Debug|Any CPU = Debug|Any CPU
		Release|Any CPU = Release|Any CPU
	EndGlobalSection
	GlobalSection(ProjectConfigurationPlatforms) = postSolution
		{160F3B7D-D22D-4BC9-BBCD-B21DD5B07BB6}.Debug|Any CPU.ActiveCfg = Debug|Any CPU
		{160F3B7D-D22D-4BC9-BBCD-B21DD5B07BB6}.Debug|Any CPU.Build.0 = Debug|Any CPU
		{160F3B7D-D22D-4BC9-BBCD-B21DD5B07BB6}.Release|Any CPU.ActiveCfg = Release|Any CPU
		{160F3B7D-D22D-4BC9-BBCD-B21DD5B07BB6}.Release|Any CPU.Build.0 = Release|Any CPU
		{F669AC3F-9E89-4FDB-AEF9-DCD06EFE5837}.Debug|Any CPU.ActiveCfg = Debug|Any CPU
		{F669AC3F-9E89-4FDB-AEF9-DCD06EFE5837}.Debug|Any CPU.Build.0 = Debug|Any CPU
		{F669AC3F-9E89-4FDB-AEF9-DCD06EFE5837}.Release|Any CPU.ActiveCfg = Release|Any CPU
		{F669AC3F-9E89-4FDB-AEF9-DCD06EFE5837}.Release|Any CPU.Build.0 = Release|Any CPU
		{E9A422BE-5686-487C-95F7-08900595F20F}.Debug|Any CPU.ActiveCfg = Debug|Any CPU
		{E9A422BE-5686-487C-95F7-08900595F20F}.Debug|Any CPU.Build.0 = Debug|Any CPU
		{E9A422BE-5686-487C-95F7-08900595F20F}.Release|Any CPU.ActiveCfg = Release|Any CPU
		{E9A422BE-5686-487C-95F7-08900595F20F}.Release|Any CPU.Build.0 = Release|Any CPU
		{05417878-4109-488D-8EDF-B33D6AA3699D}.Debug|Any CPU.ActiveCfg = Debug|Any CPU
		{05417878-4109-488D-8EDF-B33D6AA3699D}.Debug|Any CPU.Build.0 = Debug|Any CPU
		{05417878-4109-488D-8EDF-B33D6AA3699D}.Release|Any CPU.ActiveCfg = Release|Any CPU
		{05417878-4109-488D-8EDF-B33D6AA3699D}.Release|Any CPU.Build.0 = Release|Any CPU
	EndGlobalSection
	GlobalSection(SolutionProperties) = preSolution
		HideSolutionNode = FALSE
	EndGlobalSection
	GlobalSection(ExtensibilityGlobals) = postSolution
		SolutionGuid = {F50749F5-5DE1-4E0B-BD22-43F7433A31D9}
	EndGlobalSection
EndGlobal
